
Microsoft Visual Studio Solution File, Format Version 12.00
# Visual Studio Version 16
VisualStudioVersion = 16.0.29209.62
MinimumVisualStudioVersion = 10.0.40219.1
Project("{9A19103F-16F7-4668-BE54-9A1E7A4F7556}") = "Robo.Api", "src\Robo.Api\Robo.Api.csproj", "{9F7A6562-4211-4C81-A218-3F68525D84C3}"
EndProject
Project("{9A19103F-16F7-4668-BE54-9A1E7A4F7556}") = "Robo.Aplicacao", "src\Robo.Aplicacao\Robo.Aplicacao.csproj", "{1DE9F6AB-E4C2-4FBC-8DAC-A0ADA6003890}"
EndProject
Project("{9A19103F-16F7-4668-BE54-9A1E7A4F7556}") = "Robo.Dominio", "src\Robo.Dominio\Robo.Dominio.csproj", "{2B103321-4321-40BC-8BFD-BD626DB57AFF}"
EndProject
Project("{9A19103F-16F7-4668-BE54-9A1E7A4F7556}") = "Robo.IoC", "src\Robo.IoC\Robo.IoC.csproj", "{634EDDBA-9696-44A6-A8B8-D9473819DDC3}"
EndProject
Project("{2150E333-8FDC-42A3-9474-1A3956D46DE8}") = "src", "src", "{BD347B64-064D-4049-B408-45A26BA7CBC0}"
EndProject
Project("{2150E333-8FDC-42A3-9474-1A3956D46DE8}") = "teste", "teste", "{D5304568-E705-493D-B54D-1B8DE48BCE67}"
EndProject
Project("{9A19103F-16F7-4668-BE54-9A1E7A4F7556}") = "Robo.Dominio.Testes", "testes\Robo.Dominio.Testes\Robo.Dominio.Testes.csproj", "{E2BA5BF4-D0FA-4783-9C4A-442BF62BB10F}"
EndProject
Project("{E53339B2-1760-4266-BCC7-CA923CBCF16C}") = "docker-compose", "docker-compose.dcproj", "{DA9C5F17-AFFC-4B47-A741-843CBDC1A7CD}"
EndProject
Global
	GlobalSection(SolutionConfigurationPlatforms) = preSolution
		Debug|Any CPU = Debug|Any CPU
		Release|Any CPU = Release|Any CPU
	EndGlobalSection
	GlobalSection(ProjectConfigurationPlatforms) = postSolution
		{9F7A6562-4211-4C81-A218-3F68525D84C3}.Debug|Any CPU.ActiveCfg = Debug|Any CPU
		{9F7A6562-4211-4C81-A218-3F68525D84C3}.Debug|Any CPU.Build.0 = Debug|Any CPU
		{9F7A6562-4211-4C81-A218-3F68525D84C3}.Release|Any CPU.ActiveCfg = Release|Any CPU
		{9F7A6562-4211-4C81-A218-3F68525D84C3}.Release|Any CPU.Build.0 = Release|Any CPU
		{1DE9F6AB-E4C2-4FBC-8DAC-A0ADA6003890}.Debug|Any CPU.ActiveCfg = Debug|Any CPU
		{1DE9F6AB-E4C2-4FBC-8DAC-A0ADA6003890}.Debug|Any CPU.Build.0 = Debug|Any CPU
		{1DE9F6AB-E4C2-4FBC-8DAC-A0ADA6003890}.Release|Any CPU.ActiveCfg = Release|Any CPU
		{1DE9F6AB-E4C2-4FBC-8DAC-A0ADA6003890}.Release|Any CPU.Build.0 = Release|Any CPU
		{2B103321-4321-40BC-8BFD-BD626DB57AFF}.Debug|Any CPU.ActiveCfg = Debug|Any CPU
		{2B103321-4321-40BC-8BFD-BD626DB57AFF}.Debug|Any CPU.Build.0 = Debug|Any CPU
		{2B103321-4321-40BC-8BFD-BD626DB57AFF}.Release|Any CPU.ActiveCfg = Release|Any CPU
		{2B103321-4321-40BC-8BFD-BD626DB57AFF}.Release|Any CPU.Build.0 = Release|Any CPU
		{634EDDBA-9696-44A6-A8B8-D9473819DDC3}.Debug|Any CPU.ActiveCfg = Debug|Any CPU
		{634EDDBA-9696-44A6-A8B8-D9473819DDC3}.Debug|Any CPU.Build.0 = Debug|Any CPU
		{634EDDBA-9696-44A6-A8B8-D9473819DDC3}.Release|Any CPU.ActiveCfg = Release|Any CPU
		{634EDDBA-9696-44A6-A8B8-D9473819DDC3}.Release|Any CPU.Build.0 = Release|Any CPU
		{E2BA5BF4-D0FA-4783-9C4A-442BF62BB10F}.Debug|Any CPU.ActiveCfg = Debug|Any CPU
		{E2BA5BF4-D0FA-4783-9C4A-442BF62BB10F}.Debug|Any CPU.Build.0 = Debug|Any CPU
		{E2BA5BF4-D0FA-4783-9C4A-442BF62BB10F}.Release|Any CPU.ActiveCfg = Release|Any CPU
		{E2BA5BF4-D0FA-4783-9C4A-442BF62BB10F}.Release|Any CPU.Build.0 = Release|Any CPU
		{DA9C5F17-AFFC-4B47-A741-843CBDC1A7CD}.Debug|Any CPU.ActiveCfg = Debug|Any CPU
		{DA9C5F17-AFFC-4B47-A741-843CBDC1A7CD}.Debug|Any CPU.Build.0 = Debug|Any CPU
		{DA9C5F17-AFFC-4B47-A741-843CBDC1A7CD}.Release|Any CPU.ActiveCfg = Release|Any CPU
		{DA9C5F17-AFFC-4B47-A741-843CBDC1A7CD}.Release|Any CPU.Build.0 = Release|Any CPU
	EndGlobalSection
	GlobalSection(SolutionProperties) = preSolution
		HideSolutionNode = FALSE
	EndGlobalSection
	GlobalSection(NestedProjects) = preSolution
		{9F7A6562-4211-4C81-A218-3F68525D84C3} = {BD347B64-064D-4049-B408-45A26BA7CBC0}
		{1DE9F6AB-E4C2-4FBC-8DAC-A0ADA6003890} = {BD347B64-064D-4049-B408-45A26BA7CBC0}
		{2B103321-4321-40BC-8BFD-BD626DB57AFF} = {BD347B64-064D-4049-B408-45A26BA7CBC0}
		{634EDDBA-9696-44A6-A8B8-D9473819DDC3} = {BD347B64-064D-4049-B408-45A26BA7CBC0}
		{E2BA5BF4-D0FA-4783-9C4A-442BF62BB10F} = {D5304568-E705-493D-B54D-1B8DE48BCE67}
	EndGlobalSection
	GlobalSection(ExtensibilityGlobals) = postSolution
		SolutionGuid = {0A2CFE4B-34D2-4CE1-AEAA-9DDBD33C2609}
	EndGlobalSection
EndGlobal
